{
  "version": 4,
  "terraform_version": "1.12.2",
  "serial": 16,
  "lineage": "440a14a5-358c-0c17-1c82-601f012d8367",
  "outputs": {},
  "resources": [
    {
      "mode": "managed",
      "type": "azurerm_network_interface",
      "name": "nic",
      "provider": "provider[\"registry.terraform.io/hashicorp/azurerm\"]",
      "instances": [
        {
          "schema_version": 0,
          "attributes": {
            "accelerated_networking_enabled": false,
            "applied_dns_servers": [],
            "auxiliary_mode": "",
            "auxiliary_sku": "",
            "dns_servers": [],
            "edge_zone": "",
            "id": "/subscriptions/ff676f41-96fb-4d4e-80a8-e8a7d6ccd42e/resourceGroups/u01-test-tfworkshop-rg/providers/Microsoft.Network/networkInterfaces/nic-01-ubuntudev-dev-001-u01",
            "internal_dns_name_label": "",
            "internal_domain_name_suffix": "3m4vrr3kzmdutfl34j2xbqwv0e.ax.internal.cloudapp.net",
            "ip_configuration": [
              {
                "gateway_load_balancer_frontend_ip_configuration_id": "",
                "name": "internal",
                "primary": true,
                "private_ip_address": "10.0.2.4",
                "private_ip_address_allocation": "Dynamic",
                "private_ip_address_version": "IPv4",
                "public_ip_address_id": "/subscriptions/ff676f41-96fb-4d4e-80a8-e8a7d6ccd42e/resourceGroups/u01-test-tfworkshop-rg/providers/Microsoft.Network/publicIPAddresses/pip-ubuntudev-westeurope-001-u01",
                "subnet_id": "/subscriptions/ff676f41-96fb-4d4e-80a8-e8a7d6ccd42e/resourceGroups/u01-test-tfworkshop-rg/providers/Microsoft.Network/virtualNetworks/vnet-dev-westeurope-001-u01/subnets/internal"
              }
            ],
            "ip_forwarding_enabled": false,
            "location": "westeurope",
            "mac_address": "",
            "name": "nic-01-ubuntudev-dev-001-u01",
            "private_ip_address": "10.0.2.4",
            "private_ip_addresses": [
              "10.0.2.4"
            ],
            "resource_group_name": "u01-test-tfworkshop-rg",
            "tags": {},
            "timeouts": null,
            "virtual_machine_id": ""
          },
          "sensitive_attributes": [],
          "identity_schema_version": 0,
          "private": "eyJlMmJmYjczMC1lY2FhLTExZTYtOGY4OC0zNDM2M2JjN2M0YzAiOnsiY3JlYXRlIjoxODAwMDAwMDAwMDAwLCJkZWxldGUiOjE4MDAwMDAwMDAwMDAsInJlYWQiOjMwMDAwMDAwMDAwMCwidXBkYXRlIjoxODAwMDAwMDAwMDAwfX0=",
          "dependencies": [
            "azurerm_public_ip.pip",
            "azurerm_resource_group.rg",
            "azurerm_subnet.subnet",
            "azurerm_virtual_network.vnet"
          ]
        }
      ]
    },
    {
      "mode": "managed",
      "type": "azurerm_network_interface_security_group_association",
      "name": "nicsga",
      "provider": "provider[\"registry.terraform.io/hashicorp/azurerm\"]",
      "instances": [
        {
          "schema_version": 0,
          "attributes": {
            "id": "/subscriptions/ff676f41-96fb-4d4e-80a8-e8a7d6ccd42e/resourceGroups/u01-test-tfworkshop-rg/providers/Microsoft.Network/networkInterfaces/nic-01-ubuntudev-dev-001-u01|/subscriptions/ff676f41-96fb-4d4e-80a8-e8a7d6ccd42e/resourceGroups/u01-test-tfworkshop-rg/providers/Microsoft.Network/networkSecurityGroups/nsg-vm-ubuntudev-westeurope-001-u01",
            "network_interface_id": "/subscriptions/ff676f41-96fb-4d4e-80a8-e8a7d6ccd42e/resourceGroups/u01-test-tfworkshop-rg/providers/Microsoft.Network/networkInterfaces/nic-01-ubuntudev-dev-001-u01",
            "network_security_group_id": "/subscriptions/ff676f41-96fb-4d4e-80a8-e8a7d6ccd42e/resourceGroups/u01-test-tfworkshop-rg/providers/Microsoft.Network/networkSecurityGroups/nsg-vm-ubuntudev-westeurope-001-u01",
            "timeouts": null
          },
          "sensitive_attributes": [],
          "identity_schema_version": 0,
          "private": "eyJlMmJmYjczMC1lY2FhLTExZTYtOGY4OC0zNDM2M2JjN2M0YzAiOnsiY3JlYXRlIjoxODAwMDAwMDAwMDAwLCJkZWxldGUiOjE4MDAwMDAwMDAwMDAsInJlYWQiOjMwMDAwMDAwMDAwMH19",
          "dependencies": [
            "azurerm_network_interface.nic",
            "azurerm_network_security_group.nsg",
            "azurerm_public_ip.pip",
            "azurerm_resource_group.rg",
            "azurerm_subnet.subnet",
            "azurerm_virtual_network.vnet"
          ]
        }
      ]
    },
    {
      "mode": "managed",
      "type": "azurerm_network_security_group",
      "name": "nsg",
      "provider": "provider[\"registry.terraform.io/hashicorp/azurerm\"]",
      "instances": [
        {
          "schema_version": 0,
          "attributes": {
            "id": "/subscriptions/ff676f41-96fb-4d4e-80a8-e8a7d6ccd42e/resourceGroups/u01-test-tfworkshop-rg/providers/Microsoft.Network/networkSecurityGroups/nsg-vm-ubuntudev-westeurope-001-u01",
            "location": "westeurope",
            "name": "nsg-vm-ubuntudev-westeurope-001-u01",
            "resource_group_name": "u01-test-tfworkshop-rg",
            "security_rule": [
              {
                "access": "Allow",
                "description": "",
                "destination_address_prefix": "*",
                "destination_address_prefixes": [],
                "destination_application_security_group_ids": [],
                "destination_port_range": "22",
                "destination_port_ranges": [],
                "direction": "Inbound",
                "name": "AllowSSH",
                "priority": 100,
                "protocol": "Tcp",
                "source_address_prefix": "*",
                "source_address_prefixes": [],
                "source_application_security_group_ids": [],
                "source_port_range": "*",
                "source_port_ranges": []
              }
            ],
            "tags": {},
            "timeouts": null
          },
          "sensitive_attributes": [],
          "identity_schema_version": 0,
          "private": "eyJlMmJmYjczMC1lY2FhLTExZTYtOGY4OC0zNDM2M2JjN2M0YzAiOnsiY3JlYXRlIjoxODAwMDAwMDAwMDAwLCJkZWxldGUiOjE4MDAwMDAwMDAwMDAsInJlYWQiOjMwMDAwMDAwMDAwMCwidXBkYXRlIjoxODAwMDAwMDAwMDAwfX0=",
          "dependencies": [
            "azurerm_resource_group.rg"
          ]
        }
      ]
    },
    {
      "mode": "managed",
      "type": "azurerm_public_ip",
      "name": "pip",
      "provider": "provider[\"registry.terraform.io/hashicorp/azurerm\"]",
      "instances": [
        {
          "schema_version": 0,
          "attributes": {
            "allocation_method": "Static",
            "ddos_protection_mode": "VirtualNetworkInherited",
            "ddos_protection_plan_id": null,
            "domain_name_label": null,
            "domain_name_label_scope": null,
            "edge_zone": "",
            "fqdn": null,
            "id": "/subscriptions/ff676f41-96fb-4d4e-80a8-e8a7d6ccd42e/resourceGroups/u01-test-tfworkshop-rg/providers/Microsoft.Network/publicIPAddresses/pip-ubuntudev-westeurope-001-u01",
            "idle_timeout_in_minutes": 4,
            "ip_address": "172.201.16.27",
            "ip_tags": {},
            "ip_version": "IPv4",
            "location": "westeurope",
            "name": "pip-ubuntudev-westeurope-001-u01",
            "public_ip_prefix_id": null,
            "resource_group_name": "u01-test-tfworkshop-rg",
            "reverse_fqdn": null,
            "sku": "Standard",
            "sku_tier": "Regional",
            "tags": {},
            "timeouts": null,
            "zones": []
          },
          "sensitive_attributes": [],
          "identity_schema_version": 0,
          "private": "eyJlMmJmYjczMC1lY2FhLTExZTYtOGY4OC0zNDM2M2JjN2M0YzAiOnsiY3JlYXRlIjoxODAwMDAwMDAwMDAwLCJkZWxldGUiOjE4MDAwMDAwMDAwMDAsInJlYWQiOjMwMDAwMDAwMDAwMCwidXBkYXRlIjoxODAwMDAwMDAwMDAwfX0=",
          "dependencies": [
            "azurerm_resource_group.rg"
          ]
        }
      ]
    },
    {
      "mode": "managed",
      "type": "azurerm_resource_group",
      "name": "rg",
      "provider": "provider[\"registry.terraform.io/hashicorp/azurerm\"]",
      "instances": [
        {
          "schema_version": 0,
          "attributes": {
            "id": "/subscriptions/ff676f41-96fb-4d4e-80a8-e8a7d6ccd42e/resourceGroups/u01-test-tfworkshop-rg",
            "location": "westeurope",
            "managed_by": "",
            "name": "u01-test-tfworkshop-rg",
            "tags": {},
            "timeouts": null
          },
          "sensitive_attributes": [],
          "identity_schema_version": 0,
          "private": "eyJlMmJmYjczMC1lY2FhLTExZTYtOGY4OC0zNDM2M2JjN2M0YzAiOnsiY3JlYXRlIjo1NDAwMDAwMDAwMDAwLCJkZWxldGUiOjU0MDAwMDAwMDAwMDAsInJlYWQiOjMwMDAwMDAwMDAwMCwidXBkYXRlIjo1NDAwMDAwMDAwMDAwfX0="
        }
      ]
    },
    {
      "mode": "managed",
      "type": "azurerm_subnet",
      "name": "subnet",
      "provider": "provider[\"registry.terraform.io/hashicorp/azurerm\"]",
      "instances": [
        {
          "schema_version": 0,
          "attributes": {
            "address_prefixes": [
              "10.0.2.0/24"
            ],
            "default_outbound_access_enabled": true,
            "delegation": [],
            "id": "/subscriptions/ff676f41-96fb-4d4e-80a8-e8a7d6ccd42e/resourceGroups/u01-test-tfworkshop-rg/providers/Microsoft.Network/virtualNetworks/vnet-dev-westeurope-001-u01/subnets/internal",
            "name": "internal",
            "private_endpoint_network_policies": "Disabled",
            "private_link_service_network_policies_enabled": true,
            "resource_group_name": "u01-test-tfworkshop-rg",
            "service_endpoint_policy_ids": [],
            "service_endpoints": [],
            "timeouts": null,
            "virtual_network_name": "vnet-dev-westeurope-001-u01"
          },
          "sensitive_attributes": [],
          "identity_schema_version": 0,
          "private": "eyJlMmJmYjczMC1lY2FhLTExZTYtOGY4OC0zNDM2M2JjN2M0YzAiOnsiY3JlYXRlIjoxODAwMDAwMDAwMDAwLCJkZWxldGUiOjE4MDAwMDAwMDAwMDAsInJlYWQiOjMwMDAwMDAwMDAwMCwidXBkYXRlIjoxODAwMDAwMDAwMDAwfX0=",
          "dependencies": [
            "azurerm_resource_group.rg",
            "azurerm_virtual_network.vnet"
          ]
        }
      ]
    },
    {
      "mode": "managed",
      "type": "azurerm_virtual_machine",
      "name": "vm",
      "provider": "provider[\"registry.terraform.io/hashicorp/azurerm\"]",
      "instances": [
        {
          "schema_version": 0,
          "attributes": {
            "additional_capabilities": [],
            "availability_set_id": null,
            "boot_diagnostics": [],
            "delete_data_disks_on_termination": true,
            "delete_os_disk_on_termination": true,
            "id": "/subscriptions/ff676f41-96fb-4d4e-80a8-e8a7d6ccd42e/resourceGroups/u01-test-tfworkshop-rg/providers/Microsoft.Compute/virtualMachines/vm-ubuntudev-westeurope-001-u01",
            "identity": [],
            "license_type": null,
            "location": "westeurope",
            "name": "vm-ubuntudev-westeurope-001-u01",
            "network_interface_ids": [
              "/subscriptions/ff676f41-96fb-4d4e-80a8-e8a7d6ccd42e/resourceGroups/u01-test-tfworkshop-rg/providers/Microsoft.Network/networkInterfaces/nic-01-ubuntudev-dev-001-u01"
            ],
            "os_profile": [
              {
                "admin_password": "",
                "admin_username": "azureuser",
                "computer_name": "hostname",
                "custom_data": ""
              }
            ],
            "os_profile_linux_config": [
              {
                "disable_password_authentication": true,
                "ssh_keys": [
                  {
                    "key_data": "ssh-rsa AAAAB3NzaC1yc2EAAAADAQABAAABgQC42HJwVmG8Nb3n/QgKFnmThIWiW8MM4vPfjVaErK5exdhBv1X/AyaT1Pe8Y/K66ABvEu6t3kDja1Iz6d2o/+8ggZ7iLVoXBa1zBYBpOiJCEzZF4clACojyjr3UhC7aadzK/nqMzU6oS1PvBVMjw/siKvLHcugTHOFQ00gPMqhtC4UtA0smlLtU4cvTx1sBp+Zd6awyP8DUfJTDPOzYHToKo1Um/Wk4BAYRmM3O9frvEcx5Uv8oAd2bR6Sb/dDae69qTl1AwS9I+xm1Emd66LL6JGvEtfYrqDnunscJdoZLD85h3uT8ffcyChVafR2dPFum0Tn93sQmJjUOBSZ1nNxC19VAj97pjxTKfvc9rpRD+df3TziRfvWUqAz9fdzHdoyuSNTYr/nx67ZZr33xCbBcItTy/jisLvn2RKMpLW7HYBkvmu6IX9nygsEW7xMQpSnemgwnEzVysTw/6Rk9qSZYHqi2GbGOMYcEMNkh8p38jxOYIsEY9Rx3uanaaq5InS0= root@codespaces-65a8bb\n",
                    "path": "/home/azureuser/.ssh/authorized_keys"
                  }
                ]
              }
            ],
            "os_profile_secrets": [],
            "os_profile_windows_config": [],
            "plan": [],
            "primary_network_interface_id": null,
            "proximity_placement_group_id": null,
            "resource_group_name": "u01-test-tfworkshop-rg",
            "storage_data_disk": [],
            "storage_image_reference": [
              {
                "id": "",
                "offer": "0001-com-ubuntu-server-jammy",
                "publisher": "Canonical",
                "sku": "22_04-lts",
                "version": "latest"
              }
            ],
            "storage_os_disk": [
              {
                "caching": "ReadWrite",
                "create_option": "FromImage",
                "disk_size_gb": 30,
                "image_uri": "",
                "managed_disk_id": "/subscriptions/ff676f41-96fb-4d4e-80a8-e8a7d6ccd42e/resourceGroups/u01-test-tfworkshop-rg/providers/Microsoft.Compute/disks/os-disk",
                "managed_disk_type": "Premium_LRS",
                "name": "os-disk",
                "os_type": "Linux",
                "vhd_uri": "",
                "write_accelerator_enabled": false
              }
            ],
            "tags": null,
            "timeouts": null,
            "vm_size": "Standard_D2s_v3",
            "zones": null
          },
          "sensitive_attributes": [
            [
              {
                "type": "get_attr",
                "value": "os_profile"
              }
            ]
          ],
          "identity_schema_version": 0,
          "private": "eyJlMmJmYjczMC1lY2FhLTExZTYtOGY4OC0zNDM2M2JjN2M0YzAiOnsiY3JlYXRlIjozNjAwMDAwMDAwMDAwLCJkZWxldGUiOjM2MDAwMDAwMDAwMDAsInJlYWQiOjMwMDAwMDAwMDAwMCwidXBkYXRlIjozNjAwMDAwMDAwMDAwfX0=",
          "dependencies": [
            "azurerm_network_interface.nic",
            "azurerm_public_ip.pip",
            "azurerm_resource_group.rg",
            "azurerm_subnet.subnet",
            "azurerm_virtual_network.vnet"
          ]
        }
      ]
    },
    {
      "mode": "managed",
      "type": "azurerm_virtual_network",
      "name": "vnet",
      "provider": "provider[\"registry.terraform.io/hashicorp/azurerm\"]",
      "instances": [
        {
          "schema_version": 0,
          "attributes": {
            "address_space": [
              "10.0.0.0/16"
            ],
            "bgp_community": "",
            "ddos_protection_plan": [],
            "dns_servers": [],
            "edge_zone": "",
            "encryption": [],
            "flow_timeout_in_minutes": 0,
            "guid": "c7583deb-cbaa-4907-957d-f27970c2d5d4",
            "id": "/subscriptions/ff676f41-96fb-4d4e-80a8-e8a7d6ccd42e/resourceGroups/u01-test-tfworkshop-rg/providers/Microsoft.Network/virtualNetworks/vnet-dev-westeurope-001-u01",
            "ip_address_pool": [],
            "location": "westeurope",
            "name": "vnet-dev-westeurope-001-u01",
            "private_endpoint_vnet_policies": "Disabled",
            "resource_group_name": "u01-test-tfworkshop-rg",
            "subnet": [
              {
                "address_prefixes": [
                  "10.0.2.0/24"
                ],
                "default_outbound_access_enabled": true,
                "delegation": [],
                "id": "/subscriptions/ff676f41-96fb-4d4e-80a8-e8a7d6ccd42e/resourceGroups/u01-test-tfworkshop-rg/providers/Microsoft.Network/virtualNetworks/vnet-dev-westeurope-001-u01/subnets/internal",
                "name": "internal",
                "private_endpoint_network_policies": "Disabled",
                "private_link_service_network_policies_enabled": true,
                "route_table_id": "",
                "security_group": "",
                "service_endpoint_policy_ids": [],
                "service_endpoints": []
              }
            ],
            "tags": {},
            "timeouts": null
          },
          "sensitive_attributes": [],
          "identity_schema_version": 0,
          "private": "eyJlMmJmYjczMC1lY2FhLTExZTYtOGY4OC0zNDM2M2JjN2M0YzAiOnsiY3JlYXRlIjoxODAwMDAwMDAwMDAwLCJkZWxldGUiOjE4MDAwMDAwMDAwMDAsInJlYWQiOjMwMDAwMDAwMDAwMCwidXBkYXRlIjoxODAwMDAwMDAwMDAwfX0=",
          "dependencies": [
            "azurerm_resource_group.rg"
          ]
        }
      ]
    }
  ],
  "check_results": null
}
